
Microsoft Visual Studio Solution File, Format Version 12.00
# Visual Studio Version 17
VisualStudioVersion = 17.10.34928.147
MinimumVisualStudioVersion = 10.0.40219.1
Project("{FAE04EC0-301F-11D3-BF4B-00C04F79EFBC}") = "EMV.Decode", "EMV.Decode\EMV.Decode.csproj", "{F2168893-964A-44AC-8641-21157303139C}"
EndProject
Project("{FAE04EC0-301F-11D3-BF4B-00C04F79EFBC}") = "JwtDecoder", "JwtDecoder\JwtDecoder.csproj", "{4890C823-EA9D-4395-A142-7C07E75AA532}"
EndProject
Global
	GlobalSection(SolutionConfigurationPlatforms) = preSolution
		Debug|Any CPU = Debug|Any CPU
		Release|Any CPU = Release|Any CPU
	EndGlobalSection
	GlobalSection(ProjectConfigurationPlatforms) = postSolution
		{F2168893-964A-44AC-8641-21157303139C}.Debug|Any CPU.ActiveCfg = Debug|Any CPU
		{F2168893-964A-44AC-8641-21157303139C}.Debug|Any CPU.Build.0 = Debug|Any CPU
		{F2168893-964A-44AC-8641-21157303139C}.Release|Any CPU.ActiveCfg = Release|Any CPU
		{F2168893-964A-44AC-8641-21157303139C}.Release|Any CPU.Build.0 = Release|Any CPU
		{4890C823-EA9D-4395-A142-7C07E75AA532}.Debug|Any CPU.ActiveCfg = Debug|Any CPU
		{4890C823-EA9D-4395-A142-7C07E75AA532}.Debug|Any CPU.Build.0 = Debug|Any CPU
		{4890C823-EA9D-4395-A142-7C07E75AA532}.Release|Any CPU.ActiveCfg = Release|Any CPU
		{4890C823-EA9D-4395-A142-7C07E75AA532}.Release|Any CPU.Build.0 = Release|Any CPU
	EndGlobalSection
	GlobalSection(SolutionProperties) = preSolution
		HideSolutionNode = FALSE
	EndGlobalSection
	GlobalSection(ExtensibilityGlobals) = postSolution
		SolutionGuid = {BF7D61BC-A3CE-43B4-85B3-5070171EB950}
	EndGlobalSection
EndGlobal
